{
  "name": "@ioa/nats",
  "version": "9.8.4",
  "lockfileVersion": 1,
  "requires": true,
  "dependencies": {
    "@chewbank/consoln": {
      "version": "1.0.3",
      "resolved": "https://registry.npmjs.org/@chewbank/consoln/-/consoln-1.0.3.tgz",
      "integrity": "sha512-JHcbpQ/vi6L6SUtA/mASOa1s1cdW/t3W7TKgzxJSQ0/OnPOkOv/xqt1Yds6CSGZ3yN3WZtERCIubMZq2cEIHjw==",
      "dev": true
    },
    "@chewbank/ioa": {
      "version": "10.0.4",
      "resolved": "https://registry.npmjs.org/@chewbank/ioa/-/ioa-10.0.4.tgz",
      "integrity": "sha512-mJxxOnIbzd3PlotZa4HLMjGxZTFtUZsHcjR8EhIgsDFOpL5f+IsNT4ZxMz8Y/dQ1yUfe4HLp2WI5GMFqDYNlgw==",
      "dev": true,
      "requires": {
        "@chewbank/consoln": "^1.0.3",
        "@chewbank/lloader": "^5.0.0"
      }
    },
    "@chewbank/ioa-config": {
      "version": "10.0.0",
      "resolved": "https://registry.npmjs.org/@chewbank/ioa-config/-/ioa-config-10.0.0.tgz",
      "integrity": "sha512-cIou/Jdg7g766UwxIA85+gUfN3tN1hIDH1m6qifvqxME+GMTa1CJFgB2tQA7zcZ3wwdEmS+m/cE5IkKYpTWRCg=="
    },
    "@chewbank/ioa-router": {
      "version": "9.8.2",
      "resolved": "https://registry.npmjs.org/@chewbank/ioa-router/-/ioa-router-9.8.2.tgz",
      "integrity": "sha512-0V4yDPk6qJQgbVu40SvKjMbXcroX5vxtkqMsQD9k4MrjHRbDH+TJFsyra+ciSc8XgSWZhaFTbfLzJ4Ay006Sew==",
      "requires": {
        "@chewbank/ioa-config": "^10.0.0"
      }
    },
    "@chewbank/lloader": {
      "version": "5.0.0",
      "resolved": "https://registry.npmjs.org/@chewbank/lloader/-/lloader-5.0.0.tgz",
      "integrity": "sha512-nYvkjBBfUnAniC4RzJH9MLawznnkfC6jYvHoNHAcFe1OIhLjvc8zUGyjH8bGhtgIg0oitNpUfOxoH45ALbpfPQ==",
      "dev": true
    },
    "nats": {
      "version": "1.4.12",
      "resolved": "https://registry.npmjs.org/nats/-/nats-1.4.12.tgz",
      "integrity": "sha512-Jf4qesEF0Ay0D4AMw3OZnKMRTQm+6oZ5q8/m4gpy5bTmiDiK6wCXbZpzEslmezGpE93LV3RojNEG6dpK/mysLQ==",
      "requires": {
        "nuid": "^1.1.4",
        "ts-nkeys": "^1.0.16"
      }
    },
    "nuid": {
      "version": "1.1.4",
      "resolved": "https://registry.npmjs.org/nuid/-/nuid-1.1.4.tgz",
      "integrity": "sha512-PXiYyHhGfrq8H4g5HyC8enO1lz6SBe5z6x1yx/JG4tmADzDGJVQy3l1sRf3VtEvPsN8dGn9hRFRwDKWL62x0BA=="
    },
    "ts-nkeys": {
      "version": "1.0.16",
      "resolved": "https://registry.npmjs.org/ts-nkeys/-/ts-nkeys-1.0.16.tgz",
      "integrity": "sha512-1qrhAlavbm36wtW+7NtKOgxpzl+70NTF8xlz9mEhiA5zHMlMxjj3sEVKWm3pGZhHXE0Q3ykjrj+OSRVaYw+Dqg==",
      "requires": {
        "tweetnacl": "^1.0.3"
      }
    },
    "tweetnacl": {
      "version": "1.0.3",
      "resolved": "https://registry.npmjs.org/tweetnacl/-/tweetnacl-1.0.3.tgz",
      "integrity": "sha512-6rt+RN7aOi1nGMyC4Xa5DdYiukl2UWCbcJft7YhxReBGQD7OAM8Pbxw6YMo4r2diNEA8FEmu32YOn9rhaiE5yw=="
    },
    "zpromise": {
      "version": "1.5.4",
      "resolved": "https://registry.npmjs.org/zpromise/-/zpromise-1.5.4.tgz",
      "integrity": "sha512-sPN7dy+5uwJL3Xmuqs1Ii4hp3/8LsoNzSGnqean/xIVC7YLmx6EVHEF2IvjjpKYlloc92QL3fiMbsAZFk7fnQg==",
      "dev": true
    }
  }
}
